
Microsoft Visual Studio Solution File, Format Version 12.00
# Visual Studio Version 17
VisualStudioVersion = 17.2.32616.157
MinimumVisualStudioVersion = 10.0.40219.1
Project("{FAE04EC0-301F-11D3-BF4B-00C04F79EFBC}") = "DJT.EntityFrameworkCore", "DJT.EntityFrameworkCore\DJT.EntityFrameworkCore.csproj", "{375CA318-82D2-49FA-81E4-36822141109C}"
EndProject
Global
	GlobalSection(SolutionConfigurationPlatforms) = preSolution
		Debug|Any CPU = Debug|Any CPU
		Release|Any CPU = Release|Any CPU
	EndGlobalSection
	GlobalSection(ProjectConfigurationPlatforms) = postSolution
		{375CA318-82D2-49FA-81E4-36822141109C}.Debug|Any CPU.ActiveCfg = Debug|Any CPU
		{375CA318-82D2-49FA-81E4-36822141109C}.Debug|Any CPU.Build.0 = Debug|Any CPU
		{375CA318-82D2-49FA-81E4-36822141109C}.Release|Any CPU.ActiveCfg = Release|Any CPU
		{375CA318-82D2-49FA-81E4-36822141109C}.Release|Any CPU.Build.0 = Release|Any CPU
	EndGlobalSection
	GlobalSection(SolutionProperties) = preSolution
		HideSolutionNode = FALSE
	EndGlobalSection
	GlobalSection(ExtensibilityGlobals) = postSolution
		SolutionGuid = {6B380B4B-A2A3-4E6B-B64A-6B96032EAA2D}
	EndGlobalSection
EndGlobal
